
Microsoft Visual Studio Solution File, Format Version 12.00
# Visual Studio 15
VisualStudioVersion = 15.0.27703.2018
MinimumVisualStudioVersion = 10.0.40219.1
Project("{FAE04EC0-301F-11D3-BF4B-00C04F79EFBC}") = "ParrotWings.Api", "ParrotWings.Api\ParrotWings.Api.csproj", "{FE8A0261-1A20-4490-B794-D749987E9AB4}"
EndProject
Project("{FAE04EC0-301F-11D3-BF4B-00C04F79EFBC}") = "ParrotWings.DataModel", "ParrotWings.DataModel\ParrotWings.DataModel.csproj", "{837F5599-0098-4DDC-9499-67C6A26F2925}"
EndProject
Project("{FAE04EC0-301F-11D3-BF4B-00C04F79EFBC}") = "ParrotWings.DataModel.Interface", "ParrotWings.DataModel.Interface\ParrotWings.DataModel.Interface.csproj", "{9E7DFC92-6144-4FE6-B552-44967430C73D}"
EndProject
Project("{FAE04EC0-301F-11D3-BF4B-00C04F79EFBC}") = "ParrotWings.DataModelAccess", "ParrotWings.DataModelAccess\ParrotWings.DataModelAccess.csproj", "{A0BC30FA-DC38-4E04-A001-37C206A9638F}"
EndProject
Global
	GlobalSection(SolutionConfigurationPlatforms) = preSolution
		Debug|Any CPU = Debug|Any CPU
		Release|Any CPU = Release|Any CPU
	EndGlobalSection
	GlobalSection(ProjectConfigurationPlatforms) = postSolution
		{FE8A0261-1A20-4490-B794-D749987E9AB4}.Debug|Any CPU.ActiveCfg = Debug|Any CPU
		{FE8A0261-1A20-4490-B794-D749987E9AB4}.Debug|Any CPU.Build.0 = Debug|Any CPU
		{FE8A0261-1A20-4490-B794-D749987E9AB4}.Release|Any CPU.ActiveCfg = Release|Any CPU
		{FE8A0261-1A20-4490-B794-D749987E9AB4}.Release|Any CPU.Build.0 = Release|Any CPU
		{837F5599-0098-4DDC-9499-67C6A26F2925}.Debug|Any CPU.ActiveCfg = Debug|Any CPU
		{837F5599-0098-4DDC-9499-67C6A26F2925}.Debug|Any CPU.Build.0 = Debug|Any CPU
		{837F5599-0098-4DDC-9499-67C6A26F2925}.Release|Any CPU.ActiveCfg = Release|Any CPU
		{837F5599-0098-4DDC-9499-67C6A26F2925}.Release|Any CPU.Build.0 = Release|Any CPU
		{9E7DFC92-6144-4FE6-B552-44967430C73D}.Debug|Any CPU.ActiveCfg = Debug|Any CPU
		{9E7DFC92-6144-4FE6-B552-44967430C73D}.Debug|Any CPU.Build.0 = Debug|Any CPU
		{9E7DFC92-6144-4FE6-B552-44967430C73D}.Release|Any CPU.ActiveCfg = Release|Any CPU
		{9E7DFC92-6144-4FE6-B552-44967430C73D}.Release|Any CPU.Build.0 = Release|Any CPU
		{A0BC30FA-DC38-4E04-A001-37C206A9638F}.Debug|Any CPU.ActiveCfg = Debug|Any CPU
		{A0BC30FA-DC38-4E04-A001-37C206A9638F}.Debug|Any CPU.Build.0 = Debug|Any CPU
		{A0BC30FA-DC38-4E04-A001-37C206A9638F}.Release|Any CPU.ActiveCfg = Release|Any CPU
		{A0BC30FA-DC38-4E04-A001-37C206A9638F}.Release|Any CPU.Build.0 = Release|Any CPU
	EndGlobalSection
	GlobalSection(SolutionProperties) = preSolution
		HideSolutionNode = FALSE
	EndGlobalSection
	GlobalSection(ExtensibilityGlobals) = postSolution
		SolutionGuid = {13F9A3BE-E9F5-4887-9034-84B52D60BE3D}
	EndGlobalSection
EndGlobal
